{
  "name": "@marks-js/mermaid",
  "version": "1.0.4",
  "lockfileVersion": 1,
  "requires": true,
  "dependencies": {
    "@marks-js/marks": {
      "version": "1.0.6",
      "resolved": "https://registry.npmjs.org/@marks-js/marks/-/marks-1.0.6.tgz",
      "integrity": "sha512-C1NuASC4s++IEntbQGxG4yqEPzUa/f1nGzE8Pn+/QmX4T85e21vDaIMB6HmpDP6HKC2YLrBDZGpdhdkDYC6pXQ=="
    }
  }
}
